
Microsoft Visual Studio Solution File, Format Version 11.00
# Visual Studio 2010
Project("{FAE04EC0-301F-11D3-BF4B-00C04F79EFBC}") = "Assembly-CSharp", "Assembly-CSharp.csproj", "{26EC382B-ADB3-2664-5CE6-88592D2A94AD}"
EndProject
Global
	GlobalSection(SolutionConfigurationPlatforms) = preSolution
		Debug|Any CPU = Debug|Any CPU
		Release|Any CPU = Release|Any CPU
	EndGlobalSection
	GlobalSection(ProjectConfigurationPlatforms) = postSolution
		{26EC382B-ADB3-2664-5CE6-88592D2A94AD}.Debug|Any CPU.ActiveCfg = Debug|Any CPU
		{26EC382B-ADB3-2664-5CE6-88592D2A94AD}.Debug|Any CPU.Build.0 = Debug|Any CPU
		{26EC382B-ADB3-2664-5CE6-88592D2A94AD}.Release|Any CPU.ActiveCfg = Release|Any CPU
		{26EC382B-ADB3-2664-5CE6-88592D2A94AD}.Release|Any CPU.Build.0 = Release|Any CPU
	EndGlobalSection
	GlobalSection(SolutionProperties) = preSolution
		HideSolutionNode = FALSE
	EndGlobalSection
EndGlobal
